{
  "nodes": {
    "nixpkgs": {
      "locked": {
        "lastModified": 1669631306,
        "narHash": "sha256-/cq7K/93bbYQa1NEjkvXA3KyNkIZD86dIp5fJRUaSPo=",
        "owner": "NixOS",
        "repo": "nixpkgs",
        "rev": "525d803f46a52371614990b98c3f815da1453344",
        "type": "github"
      },
      "original": {
        "owner": "NixOS",
        "ref": "release-22.11",
        "repo": "nixpkgs",
        "type": "github"
      }
    },
    "root": {
      "inputs": {
        "nixpkgs": "nixpkgs"
      }
    }
  },
  "root": "root",
  "version": 7
}
